# This file is automatically @generated by Cargo.
# It is not intended for manual editing.
version = 3

[[package]]
name = "lazy_static"
version = "1.4.0"
source = "registry+https://github.com/rust-lang/crates.io-index"
checksum = "e2abad23fbc42b3700f2f279844dc832adb2b2eb069b2df918f455c4e18cc646"

[[package]]
name = "termbox"
version = "0.2.0"
source = "registry+https://github.com/rust-lang/crates.io-index"
checksum = "a9a1c3c184f27ee32a46bd643837834f10612db873159011a4abfe72f0a264a9"
dependencies = [
 "termbox-sys",
 "try_from",
]

[[package]]
name = "termbox-sys"
version = "0.2.12"
source = "registry+https://github.com/rust-lang/crates.io-index"
checksum = "625000eb24971280658d44c896a88e7aa252c1f13b4d86c8fc7b87c9f26e7e61"

[[package]]
name = "textcuber"
version = "0.1.0"
dependencies = [
 "lazy_static",
 "termbox",
]

[[package]]
name = "try_from"
version = "0.2.2"
source = "registry+https://github.com/rust-lang/crates.io-index"
checksum = "923a7ee3e97dbfe8685261beb4511cc9620a1252405d02693d43169729570111"
